// !$*UTF8*$!
{
	archiveVersion = 1;
	classes = {
	};
	objectVersion = 46;
	objects = {

/* Begin PBXBuildFile section */
		3B00E5861BA379830011486D /* SwiftPoet.framework in Frameworks */ = {isa = PBXBuildFile; fileRef = 3B00E57C1BA379830011486D /* SwiftPoet.framework */; };
		594694711D3874C900BB63BE /* CodeBlock.swift in Sources */ = {isa = PBXBuildFile; fileRef = 594694521D3874C900BB63BE /* CodeBlock.swift */; };
		594694721D3874C900BB63BE /* CodeWriter.swift in Sources */ = {isa = PBXBuildFile; fileRef = 594694531D3874C900BB63BE /* CodeWriter.swift */; };
		594694731D3874C900BB63BE /* ControlFlow.swift in Sources */ = {isa = PBXBuildFile; fileRef = 594694541D3874C900BB63BE /* ControlFlow.swift */; };
		594694741D3874C900BB63BE /* EmitObject.swift in Sources */ = {isa = PBXBuildFile; fileRef = 594694551D3874C900BB63BE /* EmitObject.swift */; };
		594694751D3874C900BB63BE /* TypeName.swift in Sources */ = {isa = PBXBuildFile; fileRef = 594694561D3874C900BB63BE /* TypeName.swift */; };
		594694761D3874C900BB63BE /* Construct.swift in Sources */ = {isa = PBXBuildFile; fileRef = 594694581D3874C900BB63BE /* Construct.swift */; };
		594694771D3874C900BB63BE /* EmitType.swift in Sources */ = {isa = PBXBuildFile; fileRef = 594694591D3874C900BB63BE /* EmitType.swift */; };
		594694781D3874C900BB63BE /* Modifier.swift in Sources */ = {isa = PBXBuildFile; fileRef = 5946945A1D3874C900BB63BE /* Modifier.swift */; };
		594694791D3874C900BB63BE /* Builder.swift in Sources */ = {isa = PBXBuildFile; fileRef = 5946945C1D3874C900BB63BE /* Builder.swift */; };
		5946947A1D3874C900BB63BE /* Emitter.swift in Sources */ = {isa = PBXBuildFile; fileRef = 5946945D1D3874C900BB63BE /* Emitter.swift */; };
		5946947B1D3874C900BB63BE /* Importable.swift in Sources */ = {isa = PBXBuildFile; fileRef = 5946945E1D3874C900BB63BE /* Importable.swift */; };
		5946947C1D3874C900BB63BE /* Literal.swift in Sources */ = {isa = PBXBuildFile; fileRef = 5946945F1D3874C900BB63BE /* Literal.swift */; };
		5946947D1D3874C900BB63BE /* ClassSpec.swift in Sources */ = {isa = PBXBuildFile; fileRef = 594694611D3874C900BB63BE /* ClassSpec.swift */; };
		5946947E1D3874C900BB63BE /* EnumSpec.swift in Sources */ = {isa = PBXBuildFile; fileRef = 594694621D3874C900BB63BE /* EnumSpec.swift */; };
		5946947F1D3874C900BB63BE /* ExtensionSpec.swift in Sources */ = {isa = PBXBuildFile; fileRef = 594694631D3874C900BB63BE /* ExtensionSpec.swift */; };
		594694801D3874C900BB63BE /* FieldSpec.swift in Sources */ = {isa = PBXBuildFile; fileRef = 594694641D3874C900BB63BE /* FieldSpec.swift */; };
		594694811D3874C900BB63BE /* MethodSpec.swift in Sources */ = {isa = PBXBuildFile; fileRef = 594694651D3874C900BB63BE /* MethodSpec.swift */; };
		594694821D3874C900BB63BE /* ParameterSpec.swift in Sources */ = {isa = PBXBuildFile; fileRef = 594694661D3874C900BB63BE /* ParameterSpec.swift */; };
		594694831D3874CA00BB63BE /* PoetSpec.swift in Sources */ = {isa = PBXBuildFile; fileRef = 594694671D3874C900BB63BE /* PoetSpec.swift */; };
		594694841D3874CA00BB63BE /* ProtocolSpec.swift in Sources */ = {isa = PBXBuildFile; fileRef = 594694681D3874C900BB63BE /* ProtocolSpec.swift */; };
		594694851D3874CA00BB63BE /* StructSpec.swift in Sources */ = {isa = PBXBuildFile; fileRef = 594694691D3874C900BB63BE /* StructSpec.swift */; };
		594694861D3874CA00BB63BE /* TypeSpec.swift in Sources */ = {isa = PBXBuildFile; fileRef = 5946946A1D3874C900BB63BE /* TypeSpec.swift */; };
		594694871D3874CA00BB63BE /* Either.swift in Sources */ = {isa = PBXBuildFile; fileRef = 5946946C1D3874C900BB63BE /* Either.swift */; };
		594694881D3874CA00BB63BE /* PoetFile.swift in Sources */ = {isa = PBXBuildFile; fileRef = 5946946D1D3874C900BB63BE /* PoetFile.swift */; };
		594694891D3874CA00BB63BE /* PoetUtil.swift in Sources */ = {isa = PBXBuildFile; fileRef = 5946946E1D3874C900BB63BE /* PoetUtil.swift */; };
		5946948A1D3874CA00BB63BE /* ReservedWords.swift in Sources */ = {isa = PBXBuildFile; fileRef = 5946946F1D3874C900BB63BE /* ReservedWords.swift */; };
		5946948B1D3874CA00BB63BE /* StringExtension.swift in Sources */ = {isa = PBXBuildFile; fileRef = 594694701D3874C900BB63BE /* StringExtension.swift */; };
		594694981D38760700BB63BE /* ControlFlowTests.swift in Sources */ = {isa = PBXBuildFile; fileRef = 5946948F1D38760700BB63BE /* ControlFlowTests.swift */; };
		594694991D38760700BB63BE /* EnumSpecTests.swift in Sources */ = {isa = PBXBuildFile; fileRef = 594694901D38760700BB63BE /* EnumSpecTests.swift */; };
		5946949A1D38760700BB63BE /* MethodSpecTests.swift in Sources */ = {isa = PBXBuildFile; fileRef = 594694911D38760700BB63BE /* MethodSpecTests.swift */; };
		5946949B1D38760700BB63BE /* PoetUtilTests.swift in Sources */ = {isa = PBXBuildFile; fileRef = 594694921D38760700BB63BE /* PoetUtilTests.swift */; };
		5946949C1D38760700BB63BE /* TypeNameTests.swift in Sources */ = {isa = PBXBuildFile; fileRef = 594694931D38760700BB63BE /* TypeNameTests.swift */; };
		5946949D1D38760700BB63BE /* GenerateModelFromJSON.swift in Sources */ = {isa = PBXBuildFile; fileRef = 594694951D38760700BB63BE /* GenerateModelFromJSON.swift */; };
		5946949E1D38760700BB63BE /* GenrateEnumFromSetTest.swift in Sources */ = {isa = PBXBuildFile; fileRef = 594694961D38760700BB63BE /* GenrateEnumFromSetTest.swift */; };
		5946949F1D38760700BB63BE /* gilt_public_api.json in Resources */ = {isa = PBXBuildFile; fileRef = 594694971D38760700BB63BE /* gilt_public_api.json */; };
/* End PBXBuildFile section */

/* Begin PBXContainerItemProxy section */
		3B00E5871BA379830011486D /* PBXContainerItemProxy */ = {
			isa = PBXContainerItemProxy;
			containerPortal = 3BCBACE21BA369AD007F1C90 /* Project object */;
			proxyType = 1;
			remoteGlobalIDString = 3B00E57B1BA379830011486D;
			remoteInfo = "SwiftPoet-OSX";
		};
/* End PBXContainerItemProxy section */

/* Begin PBXFileReference section */
		3B00E4D01BA36B840011486D /* Info-Framework.plist */ = {isa = PBXFileReference; lastKnownFileType = text.plist.xml; path = "Info-Framework.plist"; sourceTree = "<group>"; };
		3B00E4D11BA36B840011486D /* Info-Tests.plist */ = {isa = PBXFileReference; lastKnownFileType = text.plist.xml; path = "Info-Tests.plist"; sourceTree = "<group>"; };
		3B00E57C1BA379830011486D /* SwiftPoet.framework */ = {isa = PBXFileReference; explicitFileType = wrapper.framework; includeInIndex = 0; path = SwiftPoet.framework; sourceTree = BUILT_PRODUCTS_DIR; };
		3B00E5851BA379830011486D /* SwiftPoetUnitTests.xctest */ = {isa = PBXFileReference; explicitFileType = wrapper.cfbundle; includeInIndex = 0; path = SwiftPoetUnitTests.xctest; sourceTree = BUILT_PRODUCTS_DIR; };
		3B38DBD11BA76428000986DF /* Debug-OSX.xcconfig */ = {isa = PBXFileReference; lastKnownFileType = text.xcconfig; path = "Debug-OSX.xcconfig"; sourceTree = "<group>"; };
		3B38DBD41BA76428000986DF /* Debug.xcconfig */ = {isa = PBXFileReference; lastKnownFileType = text.xcconfig; path = Debug.xcconfig; sourceTree = "<group>"; };
		3B38DBD51BA76428000986DF /* Framework.xcconfig */ = {isa = PBXFileReference; lastKnownFileType = text.xcconfig; path = Framework.xcconfig; sourceTree = "<group>"; };
		3B38DBD71BA76428000986DF /* OSX.xcconfig */ = {isa = PBXFileReference; lastKnownFileType = text.xcconfig; path = OSX.xcconfig; sourceTree = "<group>"; };
		3B38DBD81BA76428000986DF /* Project.xcconfig */ = {isa = PBXFileReference; lastKnownFileType = text.xcconfig; path = Project.xcconfig; sourceTree = "<group>"; };
		3B38DBDA1BA76428000986DF /* Release-OSX.xcconfig */ = {isa = PBXFileReference; lastKnownFileType = text.xcconfig; path = "Release-OSX.xcconfig"; sourceTree = "<group>"; };
		3B38DBDD1BA76428000986DF /* Release.xcconfig */ = {isa = PBXFileReference; lastKnownFileType = text.xcconfig; path = Release.xcconfig; sourceTree = "<group>"; };
		3B38DBDF1BA76428000986DF /* Tests-OSX.xcconfig */ = {isa = PBXFileReference; lastKnownFileType = text.xcconfig; path = "Tests-OSX.xcconfig"; sourceTree = "<group>"; };
		3B38DBE11BA76428000986DF /* Tests.xcconfig */ = {isa = PBXFileReference; lastKnownFileType = text.xcconfig; path = Tests.xcconfig; sourceTree = "<group>"; };
		594694521D3874C900BB63BE /* CodeBlock.swift */ = {isa = PBXFileReference; fileEncoding = 4; lastKnownFileType = sourcecode.swift; path = CodeBlock.swift; sourceTree = "<group>"; };
		594694531D3874C900BB63BE /* CodeWriter.swift */ = {isa = PBXFileReference; fileEncoding = 4; lastKnownFileType = sourcecode.swift; path = CodeWriter.swift; sourceTree = "<group>"; };
		594694541D3874C900BB63BE /* ControlFlow.swift */ = {isa = PBXFileReference; fileEncoding = 4; lastKnownFileType = sourcecode.swift; path = ControlFlow.swift; sourceTree = "<group>"; };
		594694551D3874C900BB63BE /* EmitObject.swift */ = {isa = PBXFileReference; fileEncoding = 4; lastKnownFileType = sourcecode.swift; path = EmitObject.swift; sourceTree = "<group>"; };
		594694561D3874C900BB63BE /* TypeName.swift */ = {isa = PBXFileReference; fileEncoding = 4; lastKnownFileType = sourcecode.swift; path = TypeName.swift; sourceTree = "<group>"; };
		594694581D3874C900BB63BE /* Construct.swift */ = {isa = PBXFileReference; fileEncoding = 4; lastKnownFileType = sourcecode.swift; path = Construct.swift; sourceTree = "<group>"; };
		594694591D3874C900BB63BE /* EmitType.swift */ = {isa = PBXFileReference; fileEncoding = 4; lastKnownFileType = sourcecode.swift; path = EmitType.swift; sourceTree = "<group>"; };
		5946945A1D3874C900BB63BE /* Modifier.swift */ = {isa = PBXFileReference; fileEncoding = 4; lastKnownFileType = sourcecode.swift; path = Modifier.swift; sourceTree = "<group>"; };
		5946945C1D3874C900BB63BE /* Builder.swift */ = {isa = PBXFileReference; fileEncoding = 4; lastKnownFileType = sourcecode.swift; path = Builder.swift; sourceTree = "<group>"; };
		5946945D1D3874C900BB63BE /* Emitter.swift */ = {isa = PBXFileReference; fileEncoding = 4; lastKnownFileType = sourcecode.swift; path = Emitter.swift; sourceTree = "<group>"; };
		5946945E1D3874C900BB63BE /* Importable.swift */ = {isa = PBXFileReference; fileEncoding = 4; lastKnownFileType = sourcecode.swift; path = Importable.swift; sourceTree = "<group>"; };
		5946945F1D3874C900BB63BE /* Literal.swift */ = {isa = PBXFileReference; fileEncoding = 4; lastKnownFileType = sourcecode.swift; path = Literal.swift; sourceTree = "<group>"; };
		594694611D3874C900BB63BE /* ClassSpec.swift */ = {isa = PBXFileReference; fileEncoding = 4; lastKnownFileType = sourcecode.swift; path = ClassSpec.swift; sourceTree = "<group>"; };
		594694621D3874C900BB63BE /* EnumSpec.swift */ = {isa = PBXFileReference; fileEncoding = 4; lastKnownFileType = sourcecode.swift; path = EnumSpec.swift; sourceTree = "<group>"; };
		594694631D3874C900BB63BE /* ExtensionSpec.swift */ = {isa = PBXFileReference; fileEncoding = 4; lastKnownFileType = sourcecode.swift; path = ExtensionSpec.swift; sourceTree = "<group>"; };
		594694641D3874C900BB63BE /* FieldSpec.swift */ = {isa = PBXFileReference; fileEncoding = 4; lastKnownFileType = sourcecode.swift; path = FieldSpec.swift; sourceTree = "<group>"; };
		594694651D3874C900BB63BE /* MethodSpec.swift */ = {isa = PBXFileReference; fileEncoding = 4; lastKnownFileType = sourcecode.swift; path = MethodSpec.swift; sourceTree = "<group>"; };
		594694661D3874C900BB63BE /* ParameterSpec.swift */ = {isa = PBXFileReference; fileEncoding = 4; lastKnownFileType = sourcecode.swift; path = ParameterSpec.swift; sourceTree = "<group>"; };
		594694671D3874C900BB63BE /* PoetSpec.swift */ = {isa = PBXFileReference; fileEncoding = 4; lastKnownFileType = sourcecode.swift; path = PoetSpec.swift; sourceTree = "<group>"; };
		594694681D3874C900BB63BE /* ProtocolSpec.swift */ = {isa = PBXFileReference; fileEncoding = 4; lastKnownFileType = sourcecode.swift; path = ProtocolSpec.swift; sourceTree = "<group>"; };
		594694691D3874C900BB63BE /* StructSpec.swift */ = {isa = PBXFileReference; fileEncoding = 4; lastKnownFileType = sourcecode.swift; path = StructSpec.swift; sourceTree = "<group>"; };
		5946946A1D3874C900BB63BE /* TypeSpec.swift */ = {isa = PBXFileReference; fileEncoding = 4; lastKnownFileType = sourcecode.swift; path = TypeSpec.swift; sourceTree = "<group>"; };
		5946946C1D3874C900BB63BE /* Either.swift */ = {isa = PBXFileReference; fileEncoding = 4; lastKnownFileType = sourcecode.swift; path = Either.swift; sourceTree = "<group>"; };
		5946946D1D3874C900BB63BE /* PoetFile.swift */ = {isa = PBXFileReference; fileEncoding = 4; lastKnownFileType = sourcecode.swift; path = PoetFile.swift; sourceTree = "<group>"; };
		5946946E1D3874C900BB63BE /* PoetUtil.swift */ = {isa = PBXFileReference; fileEncoding = 4; lastKnownFileType = sourcecode.swift; path = PoetUtil.swift; sourceTree = "<group>"; };
		5946946F1D3874C900BB63BE /* ReservedWords.swift */ = {isa = PBXFileReference; fileEncoding = 4; lastKnownFileType = sourcecode.swift; path = ReservedWords.swift; sourceTree = "<group>"; };
		594694701D3874C900BB63BE /* StringExtension.swift */ = {isa = PBXFileReference; fileEncoding = 4; lastKnownFileType = sourcecode.swift; path = StringExtension.swift; sourceTree = "<group>"; };
		5946948F1D38760700BB63BE /* ControlFlowTests.swift */ = {isa = PBXFileReference; fileEncoding = 4; lastKnownFileType = sourcecode.swift; path = ControlFlowTests.swift; sourceTree = "<group>"; };
		594694901D38760700BB63BE /* EnumSpecTests.swift */ = {isa = PBXFileReference; fileEncoding = 4; lastKnownFileType = sourcecode.swift; path = EnumSpecTests.swift; sourceTree = "<group>"; };
		594694911D38760700BB63BE /* MethodSpecTests.swift */ = {isa = PBXFileReference; fileEncoding = 4; lastKnownFileType = sourcecode.swift; path = MethodSpecTests.swift; sourceTree = "<group>"; };
		594694921D38760700BB63BE /* PoetUtilTests.swift */ = {isa = PBXFileReference; fileEncoding = 4; lastKnownFileType = sourcecode.swift; path = PoetUtilTests.swift; sourceTree = "<group>"; };
		594694931D38760700BB63BE /* TypeNameTests.swift */ = {isa = PBXFileReference; fileEncoding = 4; lastKnownFileType = sourcecode.swift; path = TypeNameTests.swift; sourceTree = "<group>"; };
		594694951D38760700BB63BE /* GenerateModelFromJSON.swift */ = {isa = PBXFileReference; fileEncoding = 4; lastKnownFileType = sourcecode.swift; path = GenerateModelFromJSON.swift; sourceTree = "<group>"; };
		594694961D38760700BB63BE /* GenrateEnumFromSetTest.swift */ = {isa = PBXFileReference; fileEncoding = 4; lastKnownFileType = sourcecode.swift; path = GenrateEnumFromSetTest.swift; sourceTree = "<group>"; };
		594694971D38760700BB63BE /* gilt_public_api.json */ = {isa = PBXFileReference; fileEncoding = 4; lastKnownFileType = text.json; path = gilt_public_api.json; sourceTree = "<group>"; };
		594694A01D387A2A00BB63BE /* Package.swift */ = {isa = PBXFileReference; lastKnownFileType = sourcecode.swift; path = Package.swift; sourceTree = "<group>"; };
/* End PBXFileReference section */

/* Begin PBXFrameworksBuildPhase section */
		3B00E5781BA379830011486D /* Frameworks */ = {
			isa = PBXFrameworksBuildPhase;
			buildActionMask = 2147483647;
			files = (
			);
			runOnlyForDeploymentPostprocessing = 0;
		};
		3B00E5821BA379830011486D /* Frameworks */ = {
			isa = PBXFrameworksBuildPhase;
			buildActionMask = 2147483647;
			files = (
				3B00E5861BA379830011486D /* SwiftPoet.framework in Frameworks */,
			);
			runOnlyForDeploymentPostprocessing = 0;
		};
/* End PBXFrameworksBuildPhase section */

/* Begin PBXGroup section */
		3B00E4B91BA36B840011486D /* BuildControl */ = {
			isa = PBXGroup;
			children = (
				3B00E4BE1BA36B840011486D /* config */,
				3B00E4D01BA36B840011486D /* Info-Framework.plist */,
				3B00E4D11BA36B840011486D /* Info-Tests.plist */,
			);
			path = BuildControl;
			sourceTree = "<group>";
		};
		3B00E4BE1BA36B840011486D /* config */ = {
			isa = PBXGroup;
			children = (
				3B38DBD11BA76428000986DF /* Debug-OSX.xcconfig */,
				3B38DBD41BA76428000986DF /* Debug.xcconfig */,
				3B38DBD51BA76428000986DF /* Framework.xcconfig */,
				3B38DBD71BA76428000986DF /* OSX.xcconfig */,
				3B38DBD81BA76428000986DF /* Project.xcconfig */,
				3B38DBDA1BA76428000986DF /* Release-OSX.xcconfig */,
				3B38DBDD1BA76428000986DF /* Release.xcconfig */,
				3B38DBDF1BA76428000986DF /* Tests-OSX.xcconfig */,
				3B38DBE11BA76428000986DF /* Tests.xcconfig */,
			);
			path = config;
			sourceTree = "<group>";
		};
		3B00E4D21BA36B840011486D /* Sources */ = {
			isa = PBXGroup;
			children = (
				594694501D3874C900BB63BE /* SwiftPoet */,
			);
			path = Sources;
			sourceTree = "<group>";
		};
		3B00E4D51BA36B840011486D /* Tests */ = {
			isa = PBXGroup;
			children = (
				5946948D1D38760700BB63BE /* SwiftPoet */,
			);
			path = Tests;
			sourceTree = "<group>";
		};
		3B00E55E1BA3782D0011486D /* Products */ = {
			isa = PBXGroup;
			children = (
				3B00E57C1BA379830011486D /* SwiftPoet.framework */,
				3B00E5851BA379830011486D /* SwiftPoetUnitTests.xctest */,
			);
			name = Products;
			sourceTree = "<group>";
		};
		3BCBACE11BA369AD007F1C90 = {
			isa = PBXGroup;
			children = (
				594694A01D387A2A00BB63BE /* Package.swift */,
				3B00E4D21BA36B840011486D /* Sources */,
				3B00E4D51BA36B840011486D /* Tests */,
				3B00E4B91BA36B840011486D /* BuildControl */,
				3B00E55E1BA3782D0011486D /* Products */,
			);
			sourceTree = "<group>";
		};
		594694501D3874C900BB63BE /* SwiftPoet */ = {
			isa = PBXGroup;
			children = (
				594694511D3874C900BB63BE /* CodeGeneration */,
				594694571D3874C900BB63BE /* Enums */,
				5946945B1D3874C900BB63BE /* Protocols */,
				594694601D3874C900BB63BE /* Spec */,
				5946946B1D3874C900BB63BE /* Util */,
			);
			path = SwiftPoet;
			sourceTree = "<group>";
		};
		594694511D3874C900BB63BE /* CodeGeneration */ = {
			isa = PBXGroup;
			children = (
				594694521D3874C900BB63BE /* CodeBlock.swift */,
				594694531D3874C900BB63BE /* CodeWriter.swift */,
				594694541D3874C900BB63BE /* ControlFlow.swift */,
				594694551D3874C900BB63BE /* EmitObject.swift */,
				594694561D3874C900BB63BE /* TypeName.swift */,
			);
			path = CodeGeneration;
			sourceTree = "<group>";
		};
		594694571D3874C900BB63BE /* Enums */ = {
			isa = PBXGroup;
			children = (
				594694581D3874C900BB63BE /* Construct.swift */,
				594694591D3874C900BB63BE /* EmitType.swift */,
				5946945A1D3874C900BB63BE /* Modifier.swift */,
			);
			path = Enums;
			sourceTree = "<group>";
		};
		5946945B1D3874C900BB63BE /* Protocols */ = {
			isa = PBXGroup;
			children = (
				5946945C1D3874C900BB63BE /* Builder.swift */,
				5946945D1D3874C900BB63BE /* Emitter.swift */,
				5946945E1D3874C900BB63BE /* Importable.swift */,
				5946945F1D3874C900BB63BE /* Literal.swift */,
			);
			path = Protocols;
			sourceTree = "<group>";
		};
		594694601D3874C900BB63BE /* Spec */ = {
			isa = PBXGroup;
			children = (
				594694611D3874C900BB63BE /* ClassSpec.swift */,
				594694621D3874C900BB63BE /* EnumSpec.swift */,
				594694631D3874C900BB63BE /* ExtensionSpec.swift */,
				594694641D3874C900BB63BE /* FieldSpec.swift */,
				594694651D3874C900BB63BE /* MethodSpec.swift */,
				594694661D3874C900BB63BE /* ParameterSpec.swift */,
				594694671D3874C900BB63BE /* PoetSpec.swift */,
				594694681D3874C900BB63BE /* ProtocolSpec.swift */,
				594694691D3874C900BB63BE /* StructSpec.swift */,
				5946946A1D3874C900BB63BE /* TypeSpec.swift */,
			);
			path = Spec;
			sourceTree = "<group>";
		};
		5946946B1D3874C900BB63BE /* Util */ = {
			isa = PBXGroup;
			children = (
				5946946C1D3874C900BB63BE /* Either.swift */,
				5946946D1D3874C900BB63BE /* PoetFile.swift */,
				5946946E1D3874C900BB63BE /* PoetUtil.swift */,
				5946946F1D3874C900BB63BE /* ReservedWords.swift */,
				594694701D3874C900BB63BE /* StringExtension.swift */,
			);
			path = Util;
			sourceTree = "<group>";
		};
		5946948D1D38760700BB63BE /* SwiftPoet */ = {
			isa = PBXGroup;
			children = (
				5946948E1D38760700BB63BE /* FileTests */,
				594694941D38760700BB63BE /* FullGeneratorTests */,
			);
			path = SwiftPoet;
			sourceTree = "<group>";
		};
		5946948E1D38760700BB63BE /* FileTests */ = {
			isa = PBXGroup;
			children = (
				5946948F1D38760700BB63BE /* ControlFlowTests.swift */,
				594694901D38760700BB63BE /* EnumSpecTests.swift */,
				594694911D38760700BB63BE /* MethodSpecTests.swift */,
				594694921D38760700BB63BE /* PoetUtilTests.swift */,
				594694931D38760700BB63BE /* TypeNameTests.swift */,
			);
			path = FileTests;
			sourceTree = "<group>";
		};
		594694941D38760700BB63BE /* FullGeneratorTests */ = {
			isa = PBXGroup;
			children = (
				594694951D38760700BB63BE /* GenerateModelFromJSON.swift */,
				594694961D38760700BB63BE /* GenrateEnumFromSetTest.swift */,
				594694971D38760700BB63BE /* gilt_public_api.json */,
			);
			path = FullGeneratorTests;
			sourceTree = "<group>";
		};
/* End PBXGroup section */

/* Begin PBXHeadersBuildPhase section */
		3B00E5791BA379830011486D /* Headers */ = {
			isa = PBXHeadersBuildPhase;
			buildActionMask = 2147483647;
			files = (
			);
			runOnlyForDeploymentPostprocessing = 0;
		};
/* End PBXHeadersBuildPhase section */

/* Begin PBXNativeTarget section */
		3B00E57B1BA379830011486D /* SwiftPoet */ = {
			isa = PBXNativeTarget;
			buildConfigurationList = 3B00E58D1BA379830011486D /* Build configuration list for PBXNativeTarget "SwiftPoet" */;
			buildPhases = (
				3B00E5771BA379830011486D /* Sources */,
				3B00E5781BA379830011486D /* Frameworks */,
				3B00E5791BA379830011486D /* Headers */,
				3B00E57A1BA379830011486D /* Resources */,
			);
			buildRules = (
			);
			dependencies = (
			);
			name = SwiftPoet;
			productName = "SwiftPoet-OSX";
			productReference = 3B00E57C1BA379830011486D /* SwiftPoet.framework */;
			productType = "com.apple.product-type.framework";
		};
		3B00E5841BA379830011486D /* SwiftPoetUnitTests */ = {
			isa = PBXNativeTarget;
			buildConfigurationList = 3B00E5901BA379830011486D /* Build configuration list for PBXNativeTarget "SwiftPoetUnitTests" */;
			buildPhases = (
				3B00E5811BA379830011486D /* Sources */,
				3B00E5821BA379830011486D /* Frameworks */,
				3B00E5831BA379830011486D /* Resources */,
			);
			buildRules = (
			);
			dependencies = (
				3B00E5881BA379830011486D /* PBXTargetDependency */,
			);
			name = SwiftPoetUnitTests;
			productName = "SwiftPoet-OSXTests";
			productReference = 3B00E5851BA379830011486D /* SwiftPoetUnitTests.xctest */;
			productType = "com.apple.product-type.bundle.unit-test";
		};
/* End PBXNativeTarget section */

/* Begin PBXProject section */
		3BCBACE21BA369AD007F1C90 /* Project object */ = {
			isa = PBXProject;
			attributes = {
				LastSwiftUpdateCheck = 0720;
				LastUpgradeCheck = 0800;
				TargetAttributes = {
					3B00E57B1BA379830011486D = {
						CreatedOnToolsVersion = 7.1;
						DevelopmentTeam = MTP6A36P8K;
						DevelopmentTeamName = "Kyle Dorman (Personal Team)";
						LastSwiftMigration = 0800;
					};
					3B00E5841BA379830011486D = {
						CreatedOnToolsVersion = 7.1;
						LastSwiftMigration = 0800;
					};
				};
			};
			buildConfigurationList = 3BCBACE51BA369AD007F1C90 /* Build configuration list for PBXProject "SwiftPoet" */;
			compatibilityVersion = "Xcode 3.2";
			developmentRegion = English;
			hasScannedForEncodings = 0;
			knownRegions = (
				en,
			);
			mainGroup = 3BCBACE11BA369AD007F1C90;
			productRefGroup = 3B00E55E1BA3782D0011486D /* Products */;
			projectDirPath = "";
			projectRoot = "";
			targets = (
				3B00E57B1BA379830011486D /* SwiftPoet */,
				3B00E5841BA379830011486D /* SwiftPoetUnitTests */,
			);
		};
/* End PBXProject section */

/* Begin PBXResourcesBuildPhase section */
		3B00E57A1BA379830011486D /* Resources */ = {
			isa = PBXResourcesBuildPhase;
			buildActionMask = 2147483647;
			files = (
			);
			runOnlyForDeploymentPostprocessing = 0;
		};
		3B00E5831BA379830011486D /* Resources */ = {
			isa = PBXResourcesBuildPhase;
			buildActionMask = 2147483647;
			files = (
				5946949F1D38760700BB63BE /* gilt_public_api.json in Resources */,
			);
			runOnlyForDeploymentPostprocessing = 0;
		};
/* End PBXResourcesBuildPhase section */

/* Begin PBXSourcesBuildPhase section */
		3B00E5771BA379830011486D /* Sources */ = {
			isa = PBXSourcesBuildPhase;
			buildActionMask = 2147483647;
			files = (
				594694781D3874C900BB63BE /* Modifier.swift in Sources */,
				5946947E1D3874C900BB63BE /* EnumSpec.swift in Sources */,
				594694821D3874C900BB63BE /* ParameterSpec.swift in Sources */,
				594694831D3874CA00BB63BE /* PoetSpec.swift in Sources */,
				5946947F1D3874C900BB63BE /* ExtensionSpec.swift in Sources */,
				5946948B1D3874CA00BB63BE /* StringExtension.swift in Sources */,
				5946948A1D3874CA00BB63BE /* ReservedWords.swift in Sources */,
				594694711D3874C900BB63BE /* CodeBlock.swift in Sources */,
				594694811D3874C900BB63BE /* MethodSpec.swift in Sources */,
				594694741D3874C900BB63BE /* EmitObject.swift in Sources */,
				594694851D3874CA00BB63BE /* StructSpec.swift in Sources */,
				594694751D3874C900BB63BE /* TypeName.swift in Sources */,
				594694891D3874CA00BB63BE /* PoetUtil.swift in Sources */,
				594694761D3874C900BB63BE /* Construct.swift in Sources */,
				5946947C1D3874C900BB63BE /* Literal.swift in Sources */,
				594694791D3874C900BB63BE /* Builder.swift in Sources */,
				594694801D3874C900BB63BE /* FieldSpec.swift in Sources */,
				594694731D3874C900BB63BE /* ControlFlow.swift in Sources */,
				594694841D3874CA00BB63BE /* ProtocolSpec.swift in Sources */,
				594694871D3874CA00BB63BE /* Either.swift in Sources */,
				594694881D3874CA00BB63BE /* PoetFile.swift in Sources */,
				5946947D1D3874C900BB63BE /* ClassSpec.swift in Sources */,
				5946947B1D3874C900BB63BE /* Importable.swift in Sources */,
				594694861D3874CA00BB63BE /* TypeSpec.swift in Sources */,
				594694771D3874C900BB63BE /* EmitType.swift in Sources */,
				5946947A1D3874C900BB63BE /* Emitter.swift in Sources */,
				594694721D3874C900BB63BE /* CodeWriter.swift in Sources */,
			);
			runOnlyForDeploymentPostprocessing = 0;
		};
		3B00E5811BA379830011486D /* Sources */ = {
			isa = PBXSourcesBuildPhase;
			buildActionMask = 2147483647;
			files = (
				5946949A1D38760700BB63BE /* MethodSpecTests.swift in Sources */,
				5946949E1D38760700BB63BE /* GenrateEnumFromSetTest.swift in Sources */,
				594694981D38760700BB63BE /* ControlFlowTests.swift in Sources */,
				5946949D1D38760700BB63BE /* GenerateModelFromJSON.swift in Sources */,
				594694991D38760700BB63BE /* EnumSpecTests.swift in Sources */,
				5946949C1D38760700BB63BE /* TypeNameTests.swift in Sources */,
				5946949B1D38760700BB63BE /* PoetUtilTests.swift in Sources */,
			);
			runOnlyForDeploymentPostprocessing = 0;
		};
/* End PBXSourcesBuildPhase section */

/* Begin PBXTargetDependency section */
		3B00E5881BA379830011486D /* PBXTargetDependency */ = {
			isa = PBXTargetDependency;
			target = 3B00E57B1BA379830011486D /* SwiftPoet */;
			targetProxy = 3B00E5871BA379830011486D /* PBXContainerItemProxy */;
		};
/* End PBXTargetDependency section */

/* Begin XCBuildConfiguration section */
		3B00E58E1BA379830011486D /* Debug */ = {
			isa = XCBuildConfiguration;
			baseConfigurationReference = 3B38DBD11BA76428000986DF /* Debug-OSX.xcconfig */;
			buildSettings = {
				ALWAYS_SEARCH_USER_PATHS = NO;
				CLANG_CXX_LANGUAGE_STANDARD = "gnu++0x";
				CLANG_CXX_LIBRARY = "libc++";
				CLANG_ENABLE_MODULES = YES;
				CLANG_ENABLE_OBJC_ARC = YES;
				CLANG_WARN_BOOL_CONVERSION = YES;
				CLANG_WARN_CONSTANT_CONVERSION = YES;
				CLANG_WARN_DIRECT_OBJC_ISA_USAGE = YES_ERROR;
				CLANG_WARN_EMPTY_BODY = YES;
				CLANG_WARN_ENUM_CONVERSION = YES;
				CLANG_WARN_INT_CONVERSION = YES;
				CLANG_WARN_OBJC_ROOT_CLASS = YES_ERROR;
				CLANG_WARN_UNREACHABLE_CODE = YES;
				CLANG_WARN__DUPLICATE_METHOD_MATCH = YES;
				CODE_SIGN_IDENTITY = "";
				"CODE_SIGN_IDENTITY[sdk=macosx*]" = "Mac Developer";
				COMBINE_HIDPI_IMAGES = YES;
				COPY_PHASE_STRIP = NO;
				CURRENT_PROJECT_VERSION = 1;
				DEBUG_INFORMATION_FORMAT = dwarf;
				DEFINES_MODULE = YES;
				DEVELOPMENT_TEAM = MTP6A36P8K;
				DYLIB_INSTALL_NAME_BASE = "@rpath";
				ENABLE_STRICT_OBJC_MSGSEND = YES;
				ENABLE_TESTABILITY = YES;
				GCC_C_LANGUAGE_STANDARD = gnu99;
				GCC_DYNAMIC_NO_PIC = NO;
				GCC_NO_COMMON_BLOCKS = YES;
				GCC_OPTIMIZATION_LEVEL = 0;
				GCC_PREPROCESSOR_DEFINITIONS = (
					"DEBUG=1",
					"$(inherited)",
				);
				GCC_WARN_64_TO_32_BIT_CONVERSION = YES;
				GCC_WARN_ABOUT_RETURN_TYPE = YES_ERROR;
				GCC_WARN_UNDECLARED_SELECTOR = YES;
				GCC_WARN_UNINITIALIZED_AUTOS = YES_AGGRESSIVE;
				GCC_WARN_UNUSED_FUNCTION = YES;
				GCC_WARN_UNUSED_VARIABLE = YES;
				INSTALL_PATH = "$(LOCAL_LIBRARY_DIR)/Frameworks";
				LD_RUNPATH_SEARCH_PATHS = "$(inherited) @executable_path/../Frameworks @loader_path/Frameworks";
				MTL_ENABLE_DEBUG_INFO = YES;
				PROVISIONING_PROFILE = "";
				SKIP_INSTALL = YES;
				SWIFT_VERSION = 3.0;
				VERSIONING_SYSTEM = "apple-generic";
				VERSION_INFO_PREFIX = "";
			};
			name = Debug;
		};
		3B00E58F1BA379830011486D /* Release */ = {
			isa = XCBuildConfiguration;
			baseConfigurationReference = 3B38DBDA1BA76428000986DF /* Release-OSX.xcconfig */;
			buildSettings = {
				ALWAYS_SEARCH_USER_PATHS = NO;
				CLANG_CXX_LANGUAGE_STANDARD = "gnu++0x";
				CLANG_CXX_LIBRARY = "libc++";
				CLANG_ENABLE_MODULES = YES;
				CLANG_ENABLE_OBJC_ARC = YES;
				CLANG_WARN_BOOL_CONVERSION = YES;
				CLANG_WARN_CONSTANT_CONVERSION = YES;
				CLANG_WARN_DIRECT_OBJC_ISA_USAGE = YES_ERROR;
				CLANG_WARN_EMPTY_BODY = YES;
				CLANG_WARN_ENUM_CONVERSION = YES;
				CLANG_WARN_INT_CONVERSION = YES;
				CLANG_WARN_OBJC_ROOT_CLASS = YES_ERROR;
				CLANG_WARN_UNREACHABLE_CODE = YES;
				CLANG_WARN__DUPLICATE_METHOD_MATCH = YES;
				CODE_SIGN_IDENTITY = "";
				"CODE_SIGN_IDENTITY[sdk=macosx*]" = "Mac Developer";
				COMBINE_HIDPI_IMAGES = YES;
				COPY_PHASE_STRIP = NO;
				CURRENT_PROJECT_VERSION = 1;
				DEBUG_INFORMATION_FORMAT = "dwarf-with-dsym";
				DEFINES_MODULE = YES;
				DEVELOPMENT_TEAM = MTP6A36P8K;
				DYLIB_INSTALL_NAME_BASE = "@rpath";
				ENABLE_NS_ASSERTIONS = NO;
				ENABLE_STRICT_OBJC_MSGSEND = YES;
				ENABLE_TESTABILITY = YES;
				GCC_C_LANGUAGE_STANDARD = gnu99;
				GCC_NO_COMMON_BLOCKS = YES;
				GCC_WARN_64_TO_32_BIT_CONVERSION = YES;
				GCC_WARN_ABOUT_RETURN_TYPE = YES_ERROR;
				GCC_WARN_UNDECLARED_SELECTOR = YES;
				GCC_WARN_UNINITIALIZED_AUTOS = YES_AGGRESSIVE;
				GCC_WARN_UNUSED_FUNCTION = YES;
				GCC_WARN_UNUSED_VARIABLE = YES;
				INSTALL_PATH = "$(LOCAL_LIBRARY_DIR)/Frameworks";
				LD_RUNPATH_SEARCH_PATHS = "$(inherited) @executable_path/../Frameworks @loader_path/Frameworks";
				MTL_ENABLE_DEBUG_INFO = NO;
				PROVISIONING_PROFILE = "";
				SKIP_INSTALL = YES;
				SWIFT_VERSION = 3.0;
				VERSIONING_SYSTEM = "apple-generic";
				VERSION_INFO_PREFIX = "";
			};
			name = Release;
		};
		3B00E5911BA379830011486D /* Debug */ = {
			isa = XCBuildConfiguration;
			baseConfigurationReference = 3B38DBDF1BA76428000986DF /* Tests-OSX.xcconfig */;
			buildSettings = {
				ALWAYS_SEARCH_USER_PATHS = NO;
				CLANG_CXX_LANGUAGE_STANDARD = "gnu++0x";
				CLANG_CXX_LIBRARY = "libc++";
				CLANG_ENABLE_MODULES = YES;
				CLANG_ENABLE_OBJC_ARC = YES;
				CLANG_WARN_BOOL_CONVERSION = YES;
				CLANG_WARN_CONSTANT_CONVERSION = YES;
				CLANG_WARN_DIRECT_OBJC_ISA_USAGE = YES_ERROR;
				CLANG_WARN_EMPTY_BODY = YES;
				CLANG_WARN_ENUM_CONVERSION = YES;
				CLANG_WARN_INT_CONVERSION = YES;
				CLANG_WARN_OBJC_ROOT_CLASS = YES_ERROR;
				CLANG_WARN_UNREACHABLE_CODE = YES;
				CLANG_WARN__DUPLICATE_METHOD_MATCH = YES;
				COMBINE_HIDPI_IMAGES = YES;
				COPY_PHASE_STRIP = NO;
				DEBUG_INFORMATION_FORMAT = dwarf;
				ENABLE_STRICT_OBJC_MSGSEND = YES;
				ENABLE_TESTABILITY = YES;
				GCC_C_LANGUAGE_STANDARD = gnu99;
				GCC_DYNAMIC_NO_PIC = NO;
				GCC_NO_COMMON_BLOCKS = YES;
				GCC_OPTIMIZATION_LEVEL = 0;
				GCC_PREPROCESSOR_DEFINITIONS = (
					"DEBUG=1",
					"$(inherited)",
				);
				GCC_WARN_64_TO_32_BIT_CONVERSION = YES;
				GCC_WARN_ABOUT_RETURN_TYPE = YES_ERROR;
				GCC_WARN_UNDECLARED_SELECTOR = YES;
				GCC_WARN_UNINITIALIZED_AUTOS = YES_AGGRESSIVE;
				GCC_WARN_UNUSED_FUNCTION = YES;
				GCC_WARN_UNUSED_VARIABLE = YES;
				LD_RUNPATH_SEARCH_PATHS = "$(inherited) @executable_path/../Frameworks @loader_path/../Frameworks";
				MTL_ENABLE_DEBUG_INFO = YES;
				ONLY_ACTIVE_ARCH = YES;
				SWIFT_OPTIMIZATION_LEVEL = "-Onone";
				SWIFT_VERSION = 3.0;
			};
			name = Debug;
		};
		3B00E5921BA379830011486D /* Release */ = {
			isa = XCBuildConfiguration;
			baseConfigurationReference = 3B38DBDF1BA76428000986DF /* Tests-OSX.xcconfig */;
			buildSettings = {
				ALWAYS_SEARCH_USER_PATHS = NO;
				CLANG_CXX_LANGUAGE_STANDARD = "gnu++0x";
				CLANG_CXX_LIBRARY = "libc++";
				CLANG_ENABLE_MODULES = YES;
				CLANG_ENABLE_OBJC_ARC = YES;
				CLANG_WARN_BOOL_CONVERSION = YES;
				CLANG_WARN_CONSTANT_CONVERSION = YES;
				CLANG_WARN_DIRECT_OBJC_ISA_USAGE = YES_ERROR;
				CLANG_WARN_EMPTY_BODY = YES;
				CLANG_WARN_ENUM_CONVERSION = YES;
				CLANG_WARN_INT_CONVERSION = YES;
				CLANG_WARN_OBJC_ROOT_CLASS = YES_ERROR;
				CLANG_WARN_UNREACHABLE_CODE = YES;
				CLANG_WARN__DUPLICATE_METHOD_MATCH = YES;
				COMBINE_HIDPI_IMAGES = YES;
				COPY_PHASE_STRIP = NO;
				DEBUG_INFORMATION_FORMAT = "dwarf-with-dsym";
				ENABLE_NS_ASSERTIONS = NO;
				ENABLE_STRICT_OBJC_MSGSEND = YES;
				GCC_C_LANGUAGE_STANDARD = gnu99;
				GCC_NO_COMMON_BLOCKS = YES;
				GCC_WARN_64_TO_32_BIT_CONVERSION = YES;
				GCC_WARN_ABOUT_RETURN_TYPE = YES_ERROR;
				GCC_WARN_UNDECLARED_SELECTOR = YES;
				GCC_WARN_UNINITIALIZED_AUTOS = YES_AGGRESSIVE;
				GCC_WARN_UNUSED_FUNCTION = YES;
				GCC_WARN_UNUSED_VARIABLE = YES;
				LD_RUNPATH_SEARCH_PATHS = "$(inherited) @executable_path/../Frameworks @loader_path/../Frameworks";
				MTL_ENABLE_DEBUG_INFO = NO;
				SWIFT_OPTIMIZATION_LEVEL = "-Owholemodule";
				SWIFT_VERSION = 3.0;
			};
			name = Release;
		};
		3BCBACE61BA369AD007F1C90 /* Debug */ = {
			isa = XCBuildConfiguration;
			baseConfigurationReference = 3B38DBD81BA76428000986DF /* Project.xcconfig */;
			buildSettings = {
				CLANG_WARN_BOOL_CONVERSION = YES;
				CLANG_WARN_CONSTANT_CONVERSION = YES;
				CLANG_WARN_EMPTY_BODY = YES;
				CLANG_WARN_ENUM_CONVERSION = YES;
				CLANG_WARN_INFINITE_RECURSION = YES;
				CLANG_WARN_INT_CONVERSION = YES;
				CLANG_WARN_SUSPICIOUS_MOVE = YES;
				CLANG_WARN_UNREACHABLE_CODE = YES;
				CLANG_WARN__DUPLICATE_METHOD_MATCH = YES;
				ENABLE_STRICT_OBJC_MSGSEND = YES;
				ENABLE_TESTABILITY = YES;
				GCC_NO_COMMON_BLOCKS = YES;
				GCC_WARN_64_TO_32_BIT_CONVERSION = YES;
				GCC_WARN_ABOUT_RETURN_TYPE = YES;
				GCC_WARN_UNDECLARED_SELECTOR = YES;
				GCC_WARN_UNINITIALIZED_AUTOS = YES;
				GCC_WARN_UNUSED_FUNCTION = YES;
				GCC_WARN_UNUSED_VARIABLE = YES;
				ONLY_ACTIVE_ARCH = YES;
			};
			name = Debug;
		};
		3BCBACE71BA369AD007F1C90 /* Release */ = {
			isa = XCBuildConfiguration;
			baseConfigurationReference = 3B38DBD81BA76428000986DF /* Project.xcconfig */;
			buildSettings = {
				CLANG_WARN_BOOL_CONVERSION = YES;
				CLANG_WARN_CONSTANT_CONVERSION = YES;
				CLANG_WARN_EMPTY_BODY = YES;
				CLANG_WARN_ENUM_CONVERSION = YES;
				CLANG_WARN_INFINITE_RECURSION = YES;
				CLANG_WARN_INT_CONVERSION = YES;
				CLANG_WARN_SUSPICIOUS_MOVE = YES;
				CLANG_WARN_UNREACHABLE_CODE = YES;
				CLANG_WARN__DUPLICATE_METHOD_MATCH = YES;
				ENABLE_STRICT_OBJC_MSGSEND = YES;
				GCC_NO_COMMON_BLOCKS = YES;
				GCC_WARN_64_TO_32_BIT_CONVERSION = YES;
				GCC_WARN_ABOUT_RETURN_TYPE = YES;
				GCC_WARN_UNDECLARED_SELECTOR = YES;
				GCC_WARN_UNINITIALIZED_AUTOS = YES;
				GCC_WARN_UNUSED_FUNCTION = YES;
				GCC_WARN_UNUSED_VARIABLE = YES;
			};
			name = Release;
		};
/* End XCBuildConfiguration section */

/* Begin XCConfigurationList section */
		3B00E58D1BA379830011486D /* Build configuration list for PBXNativeTarget "SwiftPoet" */ = {
			isa = XCConfigurationList;
			buildConfigurations = (
				3B00E58E1BA379830011486D /* Debug */,
				3B00E58F1BA379830011486D /* Release */,
			);
			defaultConfigurationIsVisible = 0;
			defaultConfigurationName = Release;
		};
		3B00E5901BA379830011486D /* Build configuration list for PBXNativeTarget "SwiftPoetUnitTests" */ = {
			isa = XCConfigurationList;
			buildConfigurations = (
				3B00E5911BA379830011486D /* Debug */,
				3B00E5921BA379830011486D /* Release */,
			);
			defaultConfigurationIsVisible = 0;
			defaultConfigurationName = Release;
		};
		3BCBACE51BA369AD007F1C90 /* Build configuration list for PBXProject "SwiftPoet" */ = {
			isa = XCConfigurationList;
			buildConfigurations = (
				3BCBACE61BA369AD007F1C90 /* Debug */,
				3BCBACE71BA369AD007F1C90 /* Release */,
			);
			defaultConfigurationIsVisible = 0;
			defaultConfigurationName = Release;
		};
/* End XCConfigurationList section */
	};
	rootObject = 3BCBACE21BA369AD007F1C90 /* Project object */;
}
